
Microsoft Visual Studio Solution File, Format Version 12.00
# Visual Studio Version 16
VisualStudioVersion = 16.0.32228.343
MinimumVisualStudioVersion = 10.0.40219.1
Project("{9A19103F-16F7-4668-BE54-9A1E7A4F7556}") = "Animal-Shelter", "Animal-Shelter\Animal-Shelter.csproj", "{D58C2E45-E935-4D40-97BC-7788D82190D3}"
EndProject
Project("{FAE04EC0-301F-11D3-BF4B-00C04F79EFBC}") = "Animal-Shelter-Test", "Animal-Shelter-Test\Animal-Shelter-Test.csproj", "{5A51B1A2-8F45-4CB5-B7A3-E9AF4F77398F}"
EndProject
Global
	GlobalSection(SolutionConfigurationPlatforms) = preSolution
		Debug|Any CPU = Debug|Any CPU
		Release|Any CPU = Release|Any CPU
	EndGlobalSection
	GlobalSection(ProjectConfigurationPlatforms) = postSolution
		{D58C2E45-E935-4D40-97BC-7788D82190D3}.Debug|Any CPU.ActiveCfg = Debug|Any CPU
		{D58C2E45-E935-4D40-97BC-7788D82190D3}.Debug|Any CPU.Build.0 = Debug|Any CPU
		{D58C2E45-E935-4D40-97BC-7788D82190D3}.Release|Any CPU.ActiveCfg = Release|Any CPU
		{D58C2E45-E935-4D40-97BC-7788D82190D3}.Release|Any CPU.Build.0 = Release|Any CPU
		{5A51B1A2-8F45-4CB5-B7A3-E9AF4F77398F}.Debug|Any CPU.ActiveCfg = Debug|Any CPU
		{5A51B1A2-8F45-4CB5-B7A3-E9AF4F77398F}.Debug|Any CPU.Build.0 = Debug|Any CPU
		{5A51B1A2-8F45-4CB5-B7A3-E9AF4F77398F}.Release|Any CPU.ActiveCfg = Release|Any CPU
		{5A51B1A2-8F45-4CB5-B7A3-E9AF4F77398F}.Release|Any CPU.Build.0 = Release|Any CPU
	EndGlobalSection
	GlobalSection(SolutionProperties) = preSolution
		HideSolutionNode = FALSE
	EndGlobalSection
	GlobalSection(ExtensibilityGlobals) = postSolution
		SolutionGuid = {56BD4627-2A79-40D3-80B7-CBECEF63F278}
	EndGlobalSection
EndGlobal
